// !$*UTF8*$!
{
	archiveVersion = 1;
	classes = {
	};
	objectVersion = 50;
	objects = {

/* Begin PBXBuildFile section */
		8F3F1525251D1E64005444BA /* AppDelegate.swift in Sources */ = {isa = PBXBuildFile; fileRef = 8F3F1524251D1E64005444BA /* AppDelegate.swift */; };
		8F3F1527251D1E64005444BA /* SceneDelegate.swift in Sources */ = {isa = PBXBuildFile; fileRef = 8F3F1526251D1E64005444BA /* SceneDelegate.swift */; };
		8F3F152E251D1E65005444BA /* Assets.xcassets in Resources */ = {isa = PBXBuildFile; fileRef = 8F3F152D251D1E65005444BA /* Assets.xcassets */; };
		8F3F1531251D1E65005444BA /* LaunchScreen.storyboard in Resources */ = {isa = PBXBuildFile; fileRef = 8F3F152F251D1E65005444BA /* LaunchScreen.storyboard */; };
		8F3F1547251D227E005444BA /* PurchaseViewController.swift in Sources */ = {isa = PBXBuildFile; fileRef = 8F3F1546251D227E005444BA /* PurchaseViewController.swift */; };
		8F3F1549251D228D005444BA /* PurchaseViewControllerTests.swift in Sources */ = {isa = PBXBuildFile; fileRef = 8F3F1548251D228D005444BA /* PurchaseViewControllerTests.swift */; };
		8F723FEB253A19A900CFD7B5 /* PassKit+TestHelpers.swift in Sources */ = {isa = PBXBuildFile; fileRef = 8F723FEA253A19A900CFD7B5 /* PassKit+TestHelpers.swift */; };
		8F723FEF253A19DE00CFD7B5 /* PaymentProviderSpy.swift in Sources */ = {isa = PBXBuildFile; fileRef = 8F723FEE253A19DE00CFD7B5 /* PaymentProviderSpy.swift */; };
		8F93AC382538EA7E007C0A47 /* RemotePaymentProvider.swift in Sources */ = {isa = PBXBuildFile; fileRef = 8F93AC372538EA7E007C0A47 /* RemotePaymentProvider.swift */; };
		8F93AC482538EB3F007C0A47 /* PaymentAuthorizationHandlerTests.swift in Sources */ = {isa = PBXBuildFile; fileRef = 8F93AC472538EB3F007C0A47 /* PaymentAuthorizationHandlerTests.swift */; };
		8F93AC4E2538EC35007C0A47 /* PaymentAuthorizationHandler.swift in Sources */ = {isa = PBXBuildFile; fileRef = 8F93AC4D2538EC35007C0A47 /* PaymentAuthorizationHandler.swift */; };
		8FCAD82A25377C8E006DC862 /* UIView+NSLayoutAnchor.swift in Sources */ = {isa = PBXBuildFile; fileRef = 8FCAD82925377C8E006DC862 /* UIView+NSLayoutAnchor.swift */; };
		8FCAD83325384163006DC862 /* PaymentProvider.swift in Sources */ = {isa = PBXBuildFile; fileRef = 8FCAD83225384163006DC862 /* PaymentProvider.swift */; };
/* End PBXBuildFile section */

/* Begin PBXContainerItemProxy section */
		8F3F1538251D1E65005444BA /* PBXContainerItemProxy */ = {
			isa = PBXContainerItemProxy;
			containerPortal = 8F3F1519251D1E64005444BA /* Project object */;
			proxyType = 1;
			remoteGlobalIDString = 8F3F1520251D1E64005444BA;
			remoteInfo = "ApplePay-Demo";
		};
/* End PBXContainerItemProxy section */

/* Begin PBXFileReference section */
		8F3F1521251D1E64005444BA /* ApplePay-Demo.app */ = {isa = PBXFileReference; explicitFileType = wrapper.application; includeInIndex = 0; path = "ApplePay-Demo.app"; sourceTree = BUILT_PRODUCTS_DIR; };
		8F3F1524251D1E64005444BA /* AppDelegate.swift */ = {isa = PBXFileReference; lastKnownFileType = sourcecode.swift; path = AppDelegate.swift; sourceTree = "<group>"; };
		8F3F1526251D1E64005444BA /* SceneDelegate.swift */ = {isa = PBXFileReference; lastKnownFileType = sourcecode.swift; path = SceneDelegate.swift; sourceTree = "<group>"; };
		8F3F152D251D1E65005444BA /* Assets.xcassets */ = {isa = PBXFileReference; lastKnownFileType = folder.assetcatalog; path = Assets.xcassets; sourceTree = "<group>"; };
		8F3F1530251D1E65005444BA /* Base */ = {isa = PBXFileReference; lastKnownFileType = file.storyboard; name = Base; path = Base.lproj/LaunchScreen.storyboard; sourceTree = "<group>"; };
		8F3F1532251D1E65005444BA /* Info.plist */ = {isa = PBXFileReference; lastKnownFileType = text.plist.xml; path = Info.plist; sourceTree = "<group>"; };
		8F3F1537251D1E65005444BA /* ApplePay-DemoTests.xctest */ = {isa = PBXFileReference; explicitFileType = wrapper.cfbundle; includeInIndex = 0; path = "ApplePay-DemoTests.xctest"; sourceTree = BUILT_PRODUCTS_DIR; };
		8F3F153D251D1E65005444BA /* Info.plist */ = {isa = PBXFileReference; lastKnownFileType = text.plist.xml; path = Info.plist; sourceTree = "<group>"; };
		8F3F1546251D227E005444BA /* PurchaseViewController.swift */ = {isa = PBXFileReference; lastKnownFileType = sourcecode.swift; path = PurchaseViewController.swift; sourceTree = "<group>"; };
		8F3F1548251D228D005444BA /* PurchaseViewControllerTests.swift */ = {isa = PBXFileReference; lastKnownFileType = sourcecode.swift; path = PurchaseViewControllerTests.swift; sourceTree = "<group>"; };
		8F723FEA253A19A900CFD7B5 /* PassKit+TestHelpers.swift */ = {isa = PBXFileReference; lastKnownFileType = sourcecode.swift; path = "PassKit+TestHelpers.swift"; sourceTree = "<group>"; };
		8F723FEE253A19DE00CFD7B5 /* PaymentProviderSpy.swift */ = {isa = PBXFileReference; lastKnownFileType = sourcecode.swift; path = PaymentProviderSpy.swift; sourceTree = "<group>"; };
		8F93AC372538EA7E007C0A47 /* RemotePaymentProvider.swift */ = {isa = PBXFileReference; lastKnownFileType = sourcecode.swift; path = RemotePaymentProvider.swift; sourceTree = "<group>"; };
		8F93AC472538EB3F007C0A47 /* PaymentAuthorizationHandlerTests.swift */ = {isa = PBXFileReference; lastKnownFileType = sourcecode.swift; path = PaymentAuthorizationHandlerTests.swift; sourceTree = "<group>"; };
		8F93AC4D2538EC35007C0A47 /* PaymentAuthorizationHandler.swift */ = {isa = PBXFileReference; lastKnownFileType = sourcecode.swift; path = PaymentAuthorizationHandler.swift; sourceTree = "<group>"; };
		8FCAD82925377C8E006DC862 /* UIView+NSLayoutAnchor.swift */ = {isa = PBXFileReference; lastKnownFileType = sourcecode.swift; path = "UIView+NSLayoutAnchor.swift"; sourceTree = "<group>"; };
		8FCAD83225384163006DC862 /* PaymentProvider.swift */ = {isa = PBXFileReference; lastKnownFileType = sourcecode.swift; path = PaymentProvider.swift; sourceTree = "<group>"; };
/* End PBXFileReference section */

/* Begin PBXFrameworksBuildPhase section */
		8F3F151E251D1E64005444BA /* Frameworks */ = {
			isa = PBXFrameworksBuildPhase;
			buildActionMask = 2147483647;
			files = (
			);
			runOnlyForDeploymentPostprocessing = 0;
		};
		8F3F1534251D1E65005444BA /* Frameworks */ = {
			isa = PBXFrameworksBuildPhase;
			buildActionMask = 2147483647;
			files = (
			);
			runOnlyForDeploymentPostprocessing = 0;
		};
/* End PBXFrameworksBuildPhase section */

/* Begin PBXGroup section */
		8F3F1518251D1E64005444BA = {
			isa = PBXGroup;
			children = (
				8F3F1523251D1E64005444BA /* ApplePay-Demo */,
				8F3F153A251D1E65005444BA /* ApplePay-DemoTests */,
				8F3F1522251D1E64005444BA /* Products */,
			);
			sourceTree = "<group>";
		};
		8F3F1522251D1E64005444BA /* Products */ = {
			isa = PBXGroup;
			children = (
				8F3F1521251D1E64005444BA /* ApplePay-Demo.app */,
				8F3F1537251D1E65005444BA /* ApplePay-DemoTests.xctest */,
			);
			name = Products;
			sourceTree = "<group>";
		};
		8F3F1523251D1E64005444BA /* ApplePay-Demo */ = {
			isa = PBXGroup;
			children = (
				8F93AC3B2538EAA6007C0A47 /* Main */,
				8F93AC3C2538EAB6007C0A47 /* View Controller */,
				8F93AC452538EAFB007C0A47 /* Payment */,
				8F93AC462538EB10007C0A47 /* Helper */,
				8F3F152D251D1E65005444BA /* Assets.xcassets */,
				8F3F152F251D1E65005444BA /* LaunchScreen.storyboard */,
				8F3F1532251D1E65005444BA /* Info.plist */,
			);
			path = "ApplePay-Demo";
			sourceTree = "<group>";
		};
		8F3F153A251D1E65005444BA /* ApplePay-DemoTests */ = {
			isa = PBXGroup;
			children = (
				8F3F153D251D1E65005444BA /* Info.plist */,
				8F3F1548251D228D005444BA /* PurchaseViewControllerTests.swift */,
				8F93AC472538EB3F007C0A47 /* PaymentAuthorizationHandlerTests.swift */,
				8F723FEA253A19A900CFD7B5 /* PassKit+TestHelpers.swift */,
				8F723FEE253A19DE00CFD7B5 /* PaymentProviderSpy.swift */,
			);
			path = "ApplePay-DemoTests";
			sourceTree = "<group>";
		};
		8F93AC3B2538EAA6007C0A47 /* Main */ = {
			isa = PBXGroup;
			children = (
				8F3F1524251D1E64005444BA /* AppDelegate.swift */,
				8F3F1526251D1E64005444BA /* SceneDelegate.swift */,
			);
			path = Main;
			sourceTree = "<group>";
		};
		8F93AC3C2538EAB6007C0A47 /* View Controller */ = {
			isa = PBXGroup;
			children = (
				8F3F1546251D227E005444BA /* PurchaseViewController.swift */,
			);
			path = "View Controller";
			sourceTree = "<group>";
		};
		8F93AC452538EAFB007C0A47 /* Payment */ = {
			isa = PBXGroup;
			children = (
				8FCAD83225384163006DC862 /* PaymentProvider.swift */,
				8F93AC372538EA7E007C0A47 /* RemotePaymentProvider.swift */,
				8F93AC4D2538EC35007C0A47 /* PaymentAuthorizationHandler.swift */,
			);
			path = Payment;
			sourceTree = "<group>";
		};
		8F93AC462538EB10007C0A47 /* Helper */ = {
			isa = PBXGroup;
			children = (
				8FCAD82925377C8E006DC862 /* UIView+NSLayoutAnchor.swift */,
			);
			path = Helper;
			sourceTree = "<group>";
		};
/* End PBXGroup section */

/* Begin PBXNativeTarget section */
		8F3F1520251D1E64005444BA /* ApplePay-Demo */ = {
			isa = PBXNativeTarget;
			buildConfigurationList = 8F3F1540251D1E65005444BA /* Build configuration list for PBXNativeTarget "ApplePay-Demo" */;
			buildPhases = (
				8F3F151D251D1E64005444BA /* Sources */,
				8F3F151E251D1E64005444BA /* Frameworks */,
				8F3F151F251D1E64005444BA /* Resources */,
			);
			buildRules = (
			);
			dependencies = (
			);
			name = "ApplePay-Demo";
			productName = "ApplePay-Demo";
			productReference = 8F3F1521251D1E64005444BA /* ApplePay-Demo.app */;
			productType = "com.apple.product-type.application";
		};
		8F3F1536251D1E65005444BA /* ApplePay-DemoTests */ = {
			isa = PBXNativeTarget;
			buildConfigurationList = 8F3F1543251D1E65005444BA /* Build configuration list for PBXNativeTarget "ApplePay-DemoTests" */;
			buildPhases = (
				8F3F1533251D1E65005444BA /* Sources */,
				8F3F1534251D1E65005444BA /* Frameworks */,
				8F3F1535251D1E65005444BA /* Resources */,
			);
			buildRules = (
			);
			dependencies = (
				8F3F1539251D1E65005444BA /* PBXTargetDependency */,
			);
			name = "ApplePay-DemoTests";
			productName = "ApplePay-DemoTests";
			productReference = 8F3F1537251D1E65005444BA /* ApplePay-DemoTests.xctest */;
			productType = "com.apple.product-type.bundle.unit-test";
		};
/* End PBXNativeTarget section */

/* Begin PBXProject section */
		8F3F1519251D1E64005444BA /* Project object */ = {
			isa = PBXProject;
			attributes = {
				LastSwiftUpdateCheck = 1170;
				LastUpgradeCheck = 1200;
				ORGANIZATIONNAME = "Vinicius Leal";
				TargetAttributes = {
					8F3F1520251D1E64005444BA = {
						CreatedOnToolsVersion = 11.7;
					};
					8F3F1536251D1E65005444BA = {
						CreatedOnToolsVersion = 11.7;
						LastSwiftMigration = 1170;
						TestTargetID = 8F3F1520251D1E64005444BA;
					};
				};
			};
			buildConfigurationList = 8F3F151C251D1E64005444BA /* Build configuration list for PBXProject "ApplePay-Demo" */;
			compatibilityVersion = "Xcode 9.3";
			developmentRegion = en;
			hasScannedForEncodings = 0;
			knownRegions = (
				en,
				Base,
			);
			mainGroup = 8F3F1518251D1E64005444BA;
			productRefGroup = 8F3F1522251D1E64005444BA /* Products */;
			projectDirPath = "";
			projectRoot = "";
			targets = (
				8F3F1520251D1E64005444BA /* ApplePay-Demo */,
				8F3F1536251D1E65005444BA /* ApplePay-DemoTests */,
			);
		};
/* End PBXProject section */

/* Begin PBXResourcesBuildPhase section */
		8F3F151F251D1E64005444BA /* Resources */ = {
			isa = PBXResourcesBuildPhase;
			buildActionMask = 2147483647;
			files = (
				8F3F1531251D1E65005444BA /* LaunchScreen.storyboard in Resources */,
				8F3F152E251D1E65005444BA /* Assets.xcassets in Resources */,
			);
			runOnlyForDeploymentPostprocessing = 0;
		};
		8F3F1535251D1E65005444BA /* Resources */ = {
			isa = PBXResourcesBuildPhase;
			buildActionMask = 2147483647;
			files = (
			);
			runOnlyForDeploymentPostprocessing = 0;
		};
/* End PBXResourcesBuildPhase section */

/* Begin PBXSourcesBuildPhase section */
		8F3F151D251D1E64005444BA /* Sources */ = {
			isa = PBXSourcesBuildPhase;
			buildActionMask = 2147483647;
			files = (
				8FCAD83325384163006DC862 /* PaymentProvider.swift in Sources */,
				8FCAD82A25377C8E006DC862 /* UIView+NSLayoutAnchor.swift in Sources */,
				8F3F1525251D1E64005444BA /* AppDelegate.swift in Sources */,
				8F93AC4E2538EC35007C0A47 /* PaymentAuthorizationHandler.swift in Sources */,
				8F3F1527251D1E64005444BA /* SceneDelegate.swift in Sources */,
				8F3F1547251D227E005444BA /* PurchaseViewController.swift in Sources */,
				8F93AC382538EA7E007C0A47 /* RemotePaymentProvider.swift in Sources */,
			);
			runOnlyForDeploymentPostprocessing = 0;
		};
		8F3F1533251D1E65005444BA /* Sources */ = {
			isa = PBXSourcesBuildPhase;
			buildActionMask = 2147483647;
			files = (
				8F723FEB253A19A900CFD7B5 /* PassKit+TestHelpers.swift in Sources */,
				8F93AC482538EB3F007C0A47 /* PaymentAuthorizationHandlerTests.swift in Sources */,
				8F723FEF253A19DE00CFD7B5 /* PaymentProviderSpy.swift in Sources */,
				8F3F1549251D228D005444BA /* PurchaseViewControllerTests.swift in Sources */,
			);
			runOnlyForDeploymentPostprocessing = 0;
		};
/* End PBXSourcesBuildPhase section */

/* Begin PBXTargetDependency section */
		8F3F1539251D1E65005444BA /* PBXTargetDependency */ = {
			isa = PBXTargetDependency;
			target = 8F3F1520251D1E64005444BA /* ApplePay-Demo */;
			targetProxy = 8F3F1538251D1E65005444BA /* PBXContainerItemProxy */;
		};
/* End PBXTargetDependency section */

/* Begin PBXVariantGroup section */
		8F3F152F251D1E65005444BA /* LaunchScreen.storyboard */ = {
			isa = PBXVariantGroup;
			children = (
				8F3F1530251D1E65005444BA /* Base */,
			);
			name = LaunchScreen.storyboard;
			sourceTree = "<group>";
		};
/* End PBXVariantGroup section */

/* Begin XCBuildConfiguration section */
		8F3F153E251D1E65005444BA /* Debug */ = {
			isa = XCBuildConfiguration;
			buildSettings = {
				ALWAYS_SEARCH_USER_PATHS = NO;
				CLANG_ANALYZER_NONNULL = YES;
				CLANG_ANALYZER_NUMBER_OBJECT_CONVERSION = YES_AGGRESSIVE;
				CLANG_CXX_LANGUAGE_STANDARD = "gnu++14";
				CLANG_CXX_LIBRARY = "libc++";
				CLANG_ENABLE_MODULES = YES;
				CLANG_ENABLE_OBJC_ARC = YES;
				CLANG_ENABLE_OBJC_WEAK = YES;
				CLANG_WARN_BLOCK_CAPTURE_AUTORELEASING = YES;
				CLANG_WARN_BOOL_CONVERSION = YES;
				CLANG_WARN_COMMA = YES;
				CLANG_WARN_CONSTANT_CONVERSION = YES;
				CLANG_WARN_DEPRECATED_OBJC_IMPLEMENTATIONS = YES;
				CLANG_WARN_DIRECT_OBJC_ISA_USAGE = YES_ERROR;
				CLANG_WARN_DOCUMENTATION_COMMENTS = YES;
				CLANG_WARN_EMPTY_BODY = YES;
				CLANG_WARN_ENUM_CONVERSION = YES;
				CLANG_WARN_INFINITE_RECURSION = YES;
				CLANG_WARN_INT_CONVERSION = YES;
				CLANG_WARN_NON_LITERAL_NULL_CONVERSION = YES;
				CLANG_WARN_OBJC_IMPLICIT_RETAIN_SELF = YES;
				CLANG_WARN_OBJC_LITERAL_CONVERSION = YES;
				CLANG_WARN_OBJC_ROOT_CLASS = YES_ERROR;
				CLANG_WARN_QUOTED_INCLUDE_IN_FRAMEWORK_HEADER = YES;
				CLANG_WARN_RANGE_LOOP_ANALYSIS = YES;
				CLANG_WARN_STRICT_PROTOTYPES = YES;
				CLANG_WARN_SUSPICIOUS_MOVE = YES;
				CLANG_WARN_UNGUARDED_AVAILABILITY = YES_AGGRESSIVE;
				CLANG_WARN_UNREACHABLE_CODE = YES;
				CLANG_WARN__DUPLICATE_METHOD_MATCH = YES;
				COPY_PHASE_STRIP = NO;
				DEBUG_INFORMATION_FORMAT = dwarf;
				ENABLE_STRICT_OBJC_MSGSEND = YES;
				ENABLE_TESTABILITY = YES;
				GCC_C_LANGUAGE_STANDARD = gnu11;
				GCC_DYNAMIC_NO_PIC = NO;
				GCC_NO_COMMON_BLOCKS = YES;
				GCC_OPTIMIZATION_LEVEL = 0;
				GCC_PREPROCESSOR_DEFINITIONS = (
					"DEBUG=1",
					"$(inherited)",
				);
				GCC_WARN_64_TO_32_BIT_CONVERSION = YES;
				GCC_WARN_ABOUT_RETURN_TYPE = YES_ERROR;
				GCC_WARN_UNDECLARED_SELECTOR = YES;
				GCC_WARN_UNINITIALIZED_AUTOS = YES_AGGRESSIVE;
				GCC_WARN_UNUSED_FUNCTION = YES;
				GCC_WARN_UNUSED_VARIABLE = YES;
				IPHONEOS_DEPLOYMENT_TARGET = 13.7;
				MTL_ENABLE_DEBUG_INFO = INCLUDE_SOURCE;
				MTL_FAST_MATH = YES;
				ONLY_ACTIVE_ARCH = YES;
				SDKROOT = iphoneos;
				SWIFT_ACTIVE_COMPILATION_CONDITIONS = DEBUG;
				SWIFT_OPTIMIZATION_LEVEL = "-Onone";
			};
			name = Debug;
		};
		8F3F153F251D1E65005444BA /* Release */ = {
			isa = XCBuildConfiguration;
			buildSettings = {
				ALWAYS_SEARCH_USER_PATHS = NO;
				CLANG_ANALYZER_NONNULL = YES;
				CLANG_ANALYZER_NUMBER_OBJECT_CONVERSION = YES_AGGRESSIVE;
				CLANG_CXX_LANGUAGE_STANDARD = "gnu++14";
				CLANG_CXX_LIBRARY = "libc++";
				CLANG_ENABLE_MODULES = YES;
				CLANG_ENABLE_OBJC_ARC = YES;
				CLANG_ENABLE_OBJC_WEAK = YES;
				CLANG_WARN_BLOCK_CAPTURE_AUTORELEASING = YES;
				CLANG_WARN_BOOL_CONVERSION = YES;
				CLANG_WARN_COMMA = YES;
				CLANG_WARN_CONSTANT_CONVERSION = YES;
				CLANG_WARN_DEPRECATED_OBJC_IMPLEMENTATIONS = YES;
				CLANG_WARN_DIRECT_OBJC_ISA_USAGE = YES_ERROR;
				CLANG_WARN_DOCUMENTATION_COMMENTS = YES;
				CLANG_WARN_EMPTY_BODY = YES;
				CLANG_WARN_ENUM_CONVERSION = YES;
				CLANG_WARN_INFINITE_RECURSION = YES;
				CLANG_WARN_INT_CONVERSION = YES;
				CLANG_WARN_NON_LITERAL_NULL_CONVERSION = YES;
				CLANG_WARN_OBJC_IMPLICIT_RETAIN_SELF = YES;
				CLANG_WARN_OBJC_LITERAL_CONVERSION = YES;
				CLANG_WARN_OBJC_ROOT_CLASS = YES_ERROR;
				CLANG_WARN_QUOTED_INCLUDE_IN_FRAMEWORK_HEADER = YES;
				CLANG_WARN_RANGE_LOOP_ANALYSIS = YES;
				CLANG_WARN_STRICT_PROTOTYPES = YES;
				CLANG_WARN_SUSPICIOUS_MOVE = YES;
				CLANG_WARN_UNGUARDED_AVAILABILITY = YES_AGGRESSIVE;
				CLANG_WARN_UNREACHABLE_CODE = YES;
				CLANG_WARN__DUPLICATE_METHOD_MATCH = YES;
				COPY_PHASE_STRIP = NO;
				DEBUG_INFORMATION_FORMAT = "dwarf-with-dsym";
				ENABLE_NS_ASSERTIONS = NO;
				ENABLE_STRICT_OBJC_MSGSEND = YES;
				GCC_C_LANGUAGE_STANDARD = gnu11;
				GCC_NO_COMMON_BLOCKS = YES;
				GCC_WARN_64_TO_32_BIT_CONVERSION = YES;
				GCC_WARN_ABOUT_RETURN_TYPE = YES_ERROR;
				GCC_WARN_UNDECLARED_SELECTOR = YES;
				GCC_WARN_UNINITIALIZED_AUTOS = YES_AGGRESSIVE;
				GCC_WARN_UNUSED_FUNCTION = YES;
				GCC_WARN_UNUSED_VARIABLE = YES;
				IPHONEOS_DEPLOYMENT_TARGET = 13.7;
				MTL_ENABLE_DEBUG_INFO = NO;
				MTL_FAST_MATH = YES;
				SDKROOT = iphoneos;
				SWIFT_COMPILATION_MODE = wholemodule;
				SWIFT_OPTIMIZATION_LEVEL = "-O";
				VALIDATE_PRODUCT = YES;
			};
			name = Release;
		};
		8F3F1541251D1E65005444BA /* Debug */ = {
			isa = XCBuildConfiguration;
			buildSettings = {
				ASSETCATALOG_COMPILER_APPICON_NAME = AppIcon;
				CODE_SIGN_STYLE = Automatic;
				DEVELOPMENT_TEAM = 88GXY442T6;
				INFOPLIST_FILE = "ApplePay-Demo/Info.plist";
				LD_RUNPATH_SEARCH_PATHS = (
					"$(inherited)",
					"@executable_path/Frameworks",
				);
				PRODUCT_BUNDLE_IDENTIFIER = "leal.ApplePay-Demo";
				PRODUCT_NAME = "$(TARGET_NAME)";
				SWIFT_VERSION = 5.0;
				TARGETED_DEVICE_FAMILY = "1,2";
			};
			name = Debug;
		};
		8F3F1542251D1E65005444BA /* Release */ = {
			isa = XCBuildConfiguration;
			buildSettings = {
				ASSETCATALOG_COMPILER_APPICON_NAME = AppIcon;
				CODE_SIGN_STYLE = Automatic;
				DEVELOPMENT_TEAM = 88GXY442T6;
				INFOPLIST_FILE = "ApplePay-Demo/Info.plist";
				LD_RUNPATH_SEARCH_PATHS = (
					"$(inherited)",
					"@executable_path/Frameworks",
				);
				PRODUCT_BUNDLE_IDENTIFIER = "leal.ApplePay-Demo";
				PRODUCT_NAME = "$(TARGET_NAME)";
				SWIFT_VERSION = 5.0;
				TARGETED_DEVICE_FAMILY = "1,2";
			};
			name = Release;
		};
		8F3F1544251D1E65005444BA /* Debug */ = {
			isa = XCBuildConfiguration;
			buildSettings = {
				ALWAYS_EMBED_SWIFT_STANDARD_LIBRARIES = YES;
				BUNDLE_LOADER = "$(TEST_HOST)";
				CLANG_ENABLE_MODULES = YES;
				CODE_SIGN_STYLE = Automatic;
				DEVELOPMENT_TEAM = 88GXY442T6;
				INFOPLIST_FILE = "ApplePay-DemoTests/Info.plist";
				IPHONEOS_DEPLOYMENT_TARGET = 13.7;
				LD_RUNPATH_SEARCH_PATHS = (
					"$(inherited)",
					"@executable_path/Frameworks",
					"@loader_path/Frameworks",
				);
				PRODUCT_BUNDLE_IDENTIFIER = "leal.ApplePay-DemoTests";
				PRODUCT_NAME = "$(TARGET_NAME)";
				SWIFT_OPTIMIZATION_LEVEL = "-Onone";
				SWIFT_VERSION = 5.0;
				TARGETED_DEVICE_FAMILY = "1,2";
				TEST_HOST = "$(BUILT_PRODUCTS_DIR)/ApplePay-Demo.app/ApplePay-Demo";
			};
			name = Debug;
		};
		8F3F1545251D1E65005444BA /* Release */ = {
			isa = XCBuildConfiguration;
			buildSettings = {
				ALWAYS_EMBED_SWIFT_STANDARD_LIBRARIES = YES;
				BUNDLE_LOADER = "$(TEST_HOST)";
				CLANG_ENABLE_MODULES = YES;
				CODE_SIGN_STYLE = Automatic;
				DEVELOPMENT_TEAM = 88GXY442T6;
				INFOPLIST_FILE = "ApplePay-DemoTests/Info.plist";
				IPHONEOS_DEPLOYMENT_TARGET = 13.7;
				LD_RUNPATH_SEARCH_PATHS = (
					"$(inherited)",
					"@executable_path/Frameworks",
					"@loader_path/Frameworks",
				);
				PRODUCT_BUNDLE_IDENTIFIER = "leal.ApplePay-DemoTests";
				PRODUCT_NAME = "$(TARGET_NAME)";
				SWIFT_VERSION = 5.0;
				TARGETED_DEVICE_FAMILY = "1,2";
				TEST_HOST = "$(BUILT_PRODUCTS_DIR)/ApplePay-Demo.app/ApplePay-Demo";
			};
			name = Release;
		};
/* End XCBuildConfiguration section */

/* Begin XCConfigurationList section */
		8F3F151C251D1E64005444BA /* Build configuration list for PBXProject "ApplePay-Demo" */ = {
			isa = XCConfigurationList;
			buildConfigurations = (
				8F3F153E251D1E65005444BA /* Debug */,
				8F3F153F251D1E65005444BA /* Release */,
			);
			defaultConfigurationIsVisible = 0;
			defaultConfigurationName = Release;
		};
		8F3F1540251D1E65005444BA /* Build configuration list for PBXNativeTarget "ApplePay-Demo" */ = {
			isa = XCConfigurationList;
			buildConfigurations = (
				8F3F1541251D1E65005444BA /* Debug */,
				8F3F1542251D1E65005444BA /* Release */,
			);
			defaultConfigurationIsVisible = 0;
			defaultConfigurationName = Release;
		};
		8F3F1543251D1E65005444BA /* Build configuration list for PBXNativeTarget "ApplePay-DemoTests" */ = {
			isa = XCConfigurationList;
			buildConfigurations = (
				8F3F1544251D1E65005444BA /* Debug */,
				8F3F1545251D1E65005444BA /* Release */,
			);
			defaultConfigurationIsVisible = 0;
			defaultConfigurationName = Release;
		};
/* End XCConfigurationList section */
	};
	rootObject = 8F3F1519251D1E64005444BA /* Project object */;
}
