// !$*UTF8*$!
{
	archiveVersion = 1;
	classes = {
	};
	objectVersion = 50;
	objects = {

/* Begin PBXBuildFile section */
		D8054F8C25C3600C00476E9A /* InAppPurchase.framework in Frameworks */ = {isa = PBXBuildFile; fileRef = D8054F8225C3600B00476E9A /* InAppPurchase.framework */; };
		D8054FA125C363AB00476E9A /* PaymentTransactionObserverTests.swift in Sources */ = {isa = PBXBuildFile; fileRef = D8054FA025C363AB00476E9A /* PaymentTransactionObserverTests.swift */; };
		D809071726056D72007A047A /* PaymentTransaction+Extension.swift in Sources */ = {isa = PBXBuildFile; fileRef = D809071626056D72007A047A /* PaymentTransaction+Extension.swift */; };
		D809071B26056DA0007A047A /* PaymentTransaction.swift in Sources */ = {isa = PBXBuildFile; fileRef = D809071A26056DA0007A047A /* PaymentTransaction.swift */; };
		D849AAA125F6D2A3001DA349 /* Array+SKPaymentTransaction.swift in Sources */ = {isa = PBXBuildFile; fileRef = D849AAA025F6D2A3001DA349 /* Array+SKPaymentTransaction.swift */; };
		D849AAA825F6D301001DA349 /* ProductLoader.swift in Sources */ = {isa = PBXBuildFile; fileRef = D849AAA725F6D301001DA349 /* ProductLoader.swift */; };
		D849AAAC25F6D30E001DA349 /* ProductLoaderTests.swift in Sources */ = {isa = PBXBuildFile; fileRef = D849AAAB25F6D30E001DA349 /* ProductLoaderTests.swift */; };
		D876E1262603FB72007119B8 /* ProductRequestFactoryTests.swift in Sources */ = {isa = PBXBuildFile; fileRef = D876E1252603FB72007119B8 /* ProductRequestFactoryTests.swift */; };
		D8842F6625D08A76002ADA97 /* PaymentTransactionObserver.swift in Sources */ = {isa = PBXBuildFile; fileRef = D8842F6525D08A76002ADA97 /* PaymentTransactionObserver.swift */; };
/* End PBXBuildFile section */

/* Begin PBXContainerItemProxy section */
		D8054F8D25C3600C00476E9A /* PBXContainerItemProxy */ = {
			isa = PBXContainerItemProxy;
			containerPortal = D8054F7925C3600B00476E9A /* Project object */;
			proxyType = 1;
			remoteGlobalIDString = D8054F8125C3600B00476E9A;
			remoteInfo = InAppPurchase;
		};
/* End PBXContainerItemProxy section */

/* Begin PBXFileReference section */
		D8054F8225C3600B00476E9A /* InAppPurchase.framework */ = {isa = PBXFileReference; explicitFileType = wrapper.framework; includeInIndex = 0; path = InAppPurchase.framework; sourceTree = BUILT_PRODUCTS_DIR; };
		D8054F8625C3600B00476E9A /* Info.plist */ = {isa = PBXFileReference; lastKnownFileType = text.plist.xml; path = Info.plist; sourceTree = "<group>"; };
		D8054F8B25C3600C00476E9A /* InAppPurchaseTests.xctest */ = {isa = PBXFileReference; explicitFileType = wrapper.cfbundle; includeInIndex = 0; path = InAppPurchaseTests.xctest; sourceTree = BUILT_PRODUCTS_DIR; };
		D8054F9225C3600C00476E9A /* Info.plist */ = {isa = PBXFileReference; lastKnownFileType = text.plist.xml; path = Info.plist; sourceTree = "<group>"; };
		D8054FA025C363AB00476E9A /* PaymentTransactionObserverTests.swift */ = {isa = PBXFileReference; lastKnownFileType = sourcecode.swift; path = PaymentTransactionObserverTests.swift; sourceTree = "<group>"; };
		D809071626056D72007A047A /* PaymentTransaction+Extension.swift */ = {isa = PBXFileReference; lastKnownFileType = sourcecode.swift; path = "PaymentTransaction+Extension.swift"; sourceTree = "<group>"; };
		D809071A26056DA0007A047A /* PaymentTransaction.swift */ = {isa = PBXFileReference; lastKnownFileType = sourcecode.swift; path = PaymentTransaction.swift; sourceTree = "<group>"; };
		D849AAA025F6D2A3001DA349 /* Array+SKPaymentTransaction.swift */ = {isa = PBXFileReference; lastKnownFileType = sourcecode.swift; path = "Array+SKPaymentTransaction.swift"; sourceTree = "<group>"; };
		D849AAA725F6D301001DA349 /* ProductLoader.swift */ = {isa = PBXFileReference; lastKnownFileType = sourcecode.swift; path = ProductLoader.swift; sourceTree = "<group>"; };
		D849AAAB25F6D30E001DA349 /* ProductLoaderTests.swift */ = {isa = PBXFileReference; lastKnownFileType = sourcecode.swift; path = ProductLoaderTests.swift; sourceTree = "<group>"; };
		D876E1252603FB72007119B8 /* ProductRequestFactoryTests.swift */ = {isa = PBXFileReference; lastKnownFileType = sourcecode.swift; path = ProductRequestFactoryTests.swift; sourceTree = "<group>"; };
		D8842F6525D08A76002ADA97 /* PaymentTransactionObserver.swift */ = {isa = PBXFileReference; lastKnownFileType = sourcecode.swift; path = PaymentTransactionObserver.swift; sourceTree = "<group>"; };
/* End PBXFileReference section */

/* Begin PBXFrameworksBuildPhase section */
		D8054F7F25C3600B00476E9A /* Frameworks */ = {
			isa = PBXFrameworksBuildPhase;
			buildActionMask = 2147483647;
			files = (
			);
			runOnlyForDeploymentPostprocessing = 0;
		};
		D8054F8825C3600C00476E9A /* Frameworks */ = {
			isa = PBXFrameworksBuildPhase;
			buildActionMask = 2147483647;
			files = (
				D8054F8C25C3600C00476E9A /* InAppPurchase.framework in Frameworks */,
			);
			runOnlyForDeploymentPostprocessing = 0;
		};
/* End PBXFrameworksBuildPhase section */

/* Begin PBXGroup section */
		D8054F7825C3600B00476E9A = {
			isa = PBXGroup;
			children = (
				D8054F8425C3600B00476E9A /* InAppPurchase */,
				D8054F8F25C3600C00476E9A /* InAppPurchaseTests */,
				D8054F8325C3600B00476E9A /* Products */,
			);
			sourceTree = "<group>";
		};
		D8054F8325C3600B00476E9A /* Products */ = {
			isa = PBXGroup;
			children = (
				D8054F8225C3600B00476E9A /* InAppPurchase.framework */,
				D8054F8B25C3600C00476E9A /* InAppPurchaseTests.xctest */,
			);
			name = Products;
			sourceTree = "<group>";
		};
		D8054F8425C3600B00476E9A /* InAppPurchase */ = {
			isa = PBXGroup;
			children = (
				D8054F8625C3600B00476E9A /* Info.plist */,
				D8842F6525D08A76002ADA97 /* PaymentTransactionObserver.swift */,
				D849AAA025F6D2A3001DA349 /* Array+SKPaymentTransaction.swift */,
				D849AAA725F6D301001DA349 /* ProductLoader.swift */,
				D809071A26056DA0007A047A /* PaymentTransaction.swift */,
			);
			path = InAppPurchase;
			sourceTree = "<group>";
		};
		D8054F8F25C3600C00476E9A /* InAppPurchaseTests */ = {
			isa = PBXGroup;
			children = (
				D8054F9225C3600C00476E9A /* Info.plist */,
				D8054FA025C363AB00476E9A /* PaymentTransactionObserverTests.swift */,
				D849AAAB25F6D30E001DA349 /* ProductLoaderTests.swift */,
				D876E1252603FB72007119B8 /* ProductRequestFactoryTests.swift */,
				D809071626056D72007A047A /* PaymentTransaction+Extension.swift */,
			);
			path = InAppPurchaseTests;
			sourceTree = "<group>";
		};
/* End PBXGroup section */

/* Begin PBXHeadersBuildPhase section */
		D8054F7D25C3600B00476E9A /* Headers */ = {
			isa = PBXHeadersBuildPhase;
			buildActionMask = 2147483647;
			files = (
			);
			runOnlyForDeploymentPostprocessing = 0;
		};
/* End PBXHeadersBuildPhase section */

/* Begin PBXNativeTarget section */
		D8054F8125C3600B00476E9A /* InAppPurchase */ = {
			isa = PBXNativeTarget;
			buildConfigurationList = D8054F9625C3600C00476E9A /* Build configuration list for PBXNativeTarget "InAppPurchase" */;
			buildPhases = (
				D8054F7D25C3600B00476E9A /* Headers */,
				D8054F7E25C3600B00476E9A /* Sources */,
				D8054F7F25C3600B00476E9A /* Frameworks */,
				D8054F8025C3600B00476E9A /* Resources */,
			);
			buildRules = (
			);
			dependencies = (
			);
			name = InAppPurchase;
			productName = InAppPurchase;
			productReference = D8054F8225C3600B00476E9A /* InAppPurchase.framework */;
			productType = "com.apple.product-type.framework";
		};
		D8054F8A25C3600C00476E9A /* InAppPurchaseTests */ = {
			isa = PBXNativeTarget;
			buildConfigurationList = D8054F9925C3600C00476E9A /* Build configuration list for PBXNativeTarget "InAppPurchaseTests" */;
			buildPhases = (
				D8054F8725C3600C00476E9A /* Sources */,
				D8054F8825C3600C00476E9A /* Frameworks */,
				D8054F8925C3600C00476E9A /* Resources */,
			);
			buildRules = (
			);
			dependencies = (
				D8054F8E25C3600C00476E9A /* PBXTargetDependency */,
			);
			name = InAppPurchaseTests;
			productName = InAppPurchaseTests;
			productReference = D8054F8B25C3600C00476E9A /* InAppPurchaseTests.xctest */;
			productType = "com.apple.product-type.bundle.unit-test";
		};
/* End PBXNativeTarget section */

/* Begin PBXProject section */
		D8054F7925C3600B00476E9A /* Project object */ = {
			isa = PBXProject;
			attributes = {
				LastSwiftUpdateCheck = 1240;
				LastUpgradeCheck = 1240;
				TargetAttributes = {
					D8054F8125C3600B00476E9A = {
						CreatedOnToolsVersion = 12.4;
						LastSwiftMigration = 1220;
					};
					D8054F8A25C3600C00476E9A = {
						CreatedOnToolsVersion = 12.4;
						LastSwiftMigration = 1240;
					};
				};
			};
			buildConfigurationList = D8054F7C25C3600B00476E9A /* Build configuration list for PBXProject "InAppPurchase" */;
			compatibilityVersion = "Xcode 9.3";
			developmentRegion = en;
			hasScannedForEncodings = 0;
			knownRegions = (
				en,
				Base,
			);
			mainGroup = D8054F7825C3600B00476E9A;
			productRefGroup = D8054F8325C3600B00476E9A /* Products */;
			projectDirPath = "";
			projectRoot = "";
			targets = (
				D8054F8125C3600B00476E9A /* InAppPurchase */,
				D8054F8A25C3600C00476E9A /* InAppPurchaseTests */,
			);
		};
/* End PBXProject section */

/* Begin PBXResourcesBuildPhase section */
		D8054F8025C3600B00476E9A /* Resources */ = {
			isa = PBXResourcesBuildPhase;
			buildActionMask = 2147483647;
			files = (
			);
			runOnlyForDeploymentPostprocessing = 0;
		};
		D8054F8925C3600C00476E9A /* Resources */ = {
			isa = PBXResourcesBuildPhase;
			buildActionMask = 2147483647;
			files = (
			);
			runOnlyForDeploymentPostprocessing = 0;
		};
/* End PBXResourcesBuildPhase section */

/* Begin PBXSourcesBuildPhase section */
		D8054F7E25C3600B00476E9A /* Sources */ = {
			isa = PBXSourcesBuildPhase;
			buildActionMask = 2147483647;
			files = (
				D849AAA825F6D301001DA349 /* ProductLoader.swift in Sources */,
				D849AAA125F6D2A3001DA349 /* Array+SKPaymentTransaction.swift in Sources */,
				D8842F6625D08A76002ADA97 /* PaymentTransactionObserver.swift in Sources */,
				D809071B26056DA0007A047A /* PaymentTransaction.swift in Sources */,
			);
			runOnlyForDeploymentPostprocessing = 0;
		};
		D8054F8725C3600C00476E9A /* Sources */ = {
			isa = PBXSourcesBuildPhase;
			buildActionMask = 2147483647;
			files = (
				D876E1262603FB72007119B8 /* ProductRequestFactoryTests.swift in Sources */,
				D8054FA125C363AB00476E9A /* PaymentTransactionObserverTests.swift in Sources */,
				D849AAAC25F6D30E001DA349 /* ProductLoaderTests.swift in Sources */,
				D809071726056D72007A047A /* PaymentTransaction+Extension.swift in Sources */,
			);
			runOnlyForDeploymentPostprocessing = 0;
		};
/* End PBXSourcesBuildPhase section */

/* Begin PBXTargetDependency section */
		D8054F8E25C3600C00476E9A /* PBXTargetDependency */ = {
			isa = PBXTargetDependency;
			target = D8054F8125C3600B00476E9A /* InAppPurchase */;
			targetProxy = D8054F8D25C3600C00476E9A /* PBXContainerItemProxy */;
		};
/* End PBXTargetDependency section */

/* Begin XCBuildConfiguration section */
		D8054F9425C3600C00476E9A /* Debug */ = {
			isa = XCBuildConfiguration;
			buildSettings = {
				ALWAYS_SEARCH_USER_PATHS = NO;
				CLANG_ANALYZER_NONNULL = YES;
				CLANG_ANALYZER_NUMBER_OBJECT_CONVERSION = YES_AGGRESSIVE;
				CLANG_CXX_LANGUAGE_STANDARD = "gnu++14";
				CLANG_CXX_LIBRARY = "libc++";
				CLANG_ENABLE_MODULES = YES;
				CLANG_ENABLE_OBJC_ARC = YES;
				CLANG_ENABLE_OBJC_WEAK = YES;
				CLANG_WARN_BLOCK_CAPTURE_AUTORELEASING = YES;
				CLANG_WARN_BOOL_CONVERSION = YES;
				CLANG_WARN_COMMA = YES;
				CLANG_WARN_CONSTANT_CONVERSION = YES;
				CLANG_WARN_DEPRECATED_OBJC_IMPLEMENTATIONS = YES;
				CLANG_WARN_DIRECT_OBJC_ISA_USAGE = YES_ERROR;
				CLANG_WARN_DOCUMENTATION_COMMENTS = YES;
				CLANG_WARN_EMPTY_BODY = YES;
				CLANG_WARN_ENUM_CONVERSION = YES;
				CLANG_WARN_INFINITE_RECURSION = YES;
				CLANG_WARN_INT_CONVERSION = YES;
				CLANG_WARN_NON_LITERAL_NULL_CONVERSION = YES;
				CLANG_WARN_OBJC_IMPLICIT_RETAIN_SELF = YES;
				CLANG_WARN_OBJC_LITERAL_CONVERSION = YES;
				CLANG_WARN_OBJC_ROOT_CLASS = YES_ERROR;
				CLANG_WARN_QUOTED_INCLUDE_IN_FRAMEWORK_HEADER = YES;
				CLANG_WARN_RANGE_LOOP_ANALYSIS = YES;
				CLANG_WARN_STRICT_PROTOTYPES = YES;
				CLANG_WARN_SUSPICIOUS_MOVE = YES;
				CLANG_WARN_UNGUARDED_AVAILABILITY = YES_AGGRESSIVE;
				CLANG_WARN_UNREACHABLE_CODE = YES;
				CLANG_WARN__DUPLICATE_METHOD_MATCH = YES;
				COPY_PHASE_STRIP = NO;
				CURRENT_PROJECT_VERSION = 1;
				DEBUG_INFORMATION_FORMAT = dwarf;
				ENABLE_STRICT_OBJC_MSGSEND = YES;
				ENABLE_TESTABILITY = YES;
				GCC_C_LANGUAGE_STANDARD = gnu11;
				GCC_DYNAMIC_NO_PIC = NO;
				GCC_NO_COMMON_BLOCKS = YES;
				GCC_OPTIMIZATION_LEVEL = 0;
				GCC_PREPROCESSOR_DEFINITIONS = (
					"DEBUG=1",
					"$(inherited)",
				);
				GCC_WARN_64_TO_32_BIT_CONVERSION = YES;
				GCC_WARN_ABOUT_RETURN_TYPE = YES_ERROR;
				GCC_WARN_UNDECLARED_SELECTOR = YES;
				GCC_WARN_UNINITIALIZED_AUTOS = YES_AGGRESSIVE;
				GCC_WARN_UNUSED_FUNCTION = YES;
				GCC_WARN_UNUSED_VARIABLE = YES;
				MACOSX_DEPLOYMENT_TARGET = 11.0;
				MTL_ENABLE_DEBUG_INFO = INCLUDE_SOURCE;
				MTL_FAST_MATH = YES;
				ONLY_ACTIVE_ARCH = YES;
				SDKROOT = macosx;
				SWIFT_ACTIVE_COMPILATION_CONDITIONS = DEBUG;
				SWIFT_OPTIMIZATION_LEVEL = "-Onone";
				VERSIONING_SYSTEM = "apple-generic";
				VERSION_INFO_PREFIX = "";
			};
			name = Debug;
		};
		D8054F9525C3600C00476E9A /* Release */ = {
			isa = XCBuildConfiguration;
			buildSettings = {
				ALWAYS_SEARCH_USER_PATHS = NO;
				CLANG_ANALYZER_NONNULL = YES;
				CLANG_ANALYZER_NUMBER_OBJECT_CONVERSION = YES_AGGRESSIVE;
				CLANG_CXX_LANGUAGE_STANDARD = "gnu++14";
				CLANG_CXX_LIBRARY = "libc++";
				CLANG_ENABLE_MODULES = YES;
				CLANG_ENABLE_OBJC_ARC = YES;
				CLANG_ENABLE_OBJC_WEAK = YES;
				CLANG_WARN_BLOCK_CAPTURE_AUTORELEASING = YES;
				CLANG_WARN_BOOL_CONVERSION = YES;
				CLANG_WARN_COMMA = YES;
				CLANG_WARN_CONSTANT_CONVERSION = YES;
				CLANG_WARN_DEPRECATED_OBJC_IMPLEMENTATIONS = YES;
				CLANG_WARN_DIRECT_OBJC_ISA_USAGE = YES_ERROR;
				CLANG_WARN_DOCUMENTATION_COMMENTS = YES;
				CLANG_WARN_EMPTY_BODY = YES;
				CLANG_WARN_ENUM_CONVERSION = YES;
				CLANG_WARN_INFINITE_RECURSION = YES;
				CLANG_WARN_INT_CONVERSION = YES;
				CLANG_WARN_NON_LITERAL_NULL_CONVERSION = YES;
				CLANG_WARN_OBJC_IMPLICIT_RETAIN_SELF = YES;
				CLANG_WARN_OBJC_LITERAL_CONVERSION = YES;
				CLANG_WARN_OBJC_ROOT_CLASS = YES_ERROR;
				CLANG_WARN_QUOTED_INCLUDE_IN_FRAMEWORK_HEADER = YES;
				CLANG_WARN_RANGE_LOOP_ANALYSIS = YES;
				CLANG_WARN_STRICT_PROTOTYPES = YES;
				CLANG_WARN_SUSPICIOUS_MOVE = YES;
				CLANG_WARN_UNGUARDED_AVAILABILITY = YES_AGGRESSIVE;
				CLANG_WARN_UNREACHABLE_CODE = YES;
				CLANG_WARN__DUPLICATE_METHOD_MATCH = YES;
				COPY_PHASE_STRIP = NO;
				CURRENT_PROJECT_VERSION = 1;
				DEBUG_INFORMATION_FORMAT = "dwarf-with-dsym";
				ENABLE_NS_ASSERTIONS = NO;
				ENABLE_STRICT_OBJC_MSGSEND = YES;
				GCC_C_LANGUAGE_STANDARD = gnu11;
				GCC_NO_COMMON_BLOCKS = YES;
				GCC_WARN_64_TO_32_BIT_CONVERSION = YES;
				GCC_WARN_ABOUT_RETURN_TYPE = YES_ERROR;
				GCC_WARN_UNDECLARED_SELECTOR = YES;
				GCC_WARN_UNINITIALIZED_AUTOS = YES_AGGRESSIVE;
				GCC_WARN_UNUSED_FUNCTION = YES;
				GCC_WARN_UNUSED_VARIABLE = YES;
				MACOSX_DEPLOYMENT_TARGET = 11.0;
				MTL_ENABLE_DEBUG_INFO = NO;
				MTL_FAST_MATH = YES;
				SDKROOT = macosx;
				SWIFT_COMPILATION_MODE = wholemodule;
				SWIFT_OPTIMIZATION_LEVEL = "-O";
				VERSIONING_SYSTEM = "apple-generic";
				VERSION_INFO_PREFIX = "";
			};
			name = Release;
		};
		D8054F9725C3600C00476E9A /* Debug */ = {
			isa = XCBuildConfiguration;
			buildSettings = {
				CLANG_ENABLE_MODULES = YES;
				CODE_SIGN_STYLE = Automatic;
				COMBINE_HIDPI_IMAGES = YES;
				DEFINES_MODULE = YES;
				DEVELOPMENT_TEAM = 3SNY4A7B39;
				DYLIB_COMPATIBILITY_VERSION = 1;
				DYLIB_CURRENT_VERSION = 1;
				DYLIB_INSTALL_NAME_BASE = "@rpath";
				INFOPLIST_FILE = InAppPurchase/Info.plist;
				INSTALL_PATH = "$(LOCAL_LIBRARY_DIR)/Frameworks";
				IPHONEOS_DEPLOYMENT_TARGET = 14.0;
				LD_RUNPATH_SEARCH_PATHS = (
					"$(inherited)",
					"@executable_path/../Frameworks",
					"@loader_path/Frameworks",
				);
				PRODUCT_BUNDLE_IDENTIFIER = com.viniciusLeal.InAppPurchase;
				PRODUCT_NAME = "$(TARGET_NAME:c99extidentifier)";
				SKIP_INSTALL = YES;
				SUPPORTED_PLATFORMS = "macosx iphonesimulator iphoneos";
				SWIFT_OPTIMIZATION_LEVEL = "-Onone";
				SWIFT_VERSION = 5.0;
			};
			name = Debug;
		};
		D8054F9825C3600C00476E9A /* Release */ = {
			isa = XCBuildConfiguration;
			buildSettings = {
				CLANG_ENABLE_MODULES = YES;
				CODE_SIGN_STYLE = Automatic;
				COMBINE_HIDPI_IMAGES = YES;
				DEFINES_MODULE = YES;
				DEVELOPMENT_TEAM = 3SNY4A7B39;
				DYLIB_COMPATIBILITY_VERSION = 1;
				DYLIB_CURRENT_VERSION = 1;
				DYLIB_INSTALL_NAME_BASE = "@rpath";
				INFOPLIST_FILE = InAppPurchase/Info.plist;
				INSTALL_PATH = "$(LOCAL_LIBRARY_DIR)/Frameworks";
				IPHONEOS_DEPLOYMENT_TARGET = 14.0;
				LD_RUNPATH_SEARCH_PATHS = (
					"$(inherited)",
					"@executable_path/../Frameworks",
					"@loader_path/Frameworks",
				);
				PRODUCT_BUNDLE_IDENTIFIER = com.viniciusLeal.InAppPurchase;
				PRODUCT_NAME = "$(TARGET_NAME:c99extidentifier)";
				SKIP_INSTALL = YES;
				SUPPORTED_PLATFORMS = "macosx iphonesimulator iphoneos";
				SWIFT_VERSION = 5.0;
			};
			name = Release;
		};
		D8054F9A25C3600C00476E9A /* Debug */ = {
			isa = XCBuildConfiguration;
			buildSettings = {
				ALWAYS_EMBED_SWIFT_STANDARD_LIBRARIES = YES;
				CLANG_ENABLE_MODULES = YES;
				CODE_SIGN_STYLE = Automatic;
				COMBINE_HIDPI_IMAGES = YES;
				DEVELOPMENT_TEAM = 3SNY4A7B39;
				INFOPLIST_FILE = InAppPurchaseTests/Info.plist;
				IPHONEOS_DEPLOYMENT_TARGET = 14.0;
				LD_RUNPATH_SEARCH_PATHS = (
					"$(inherited)",
					"@executable_path/../Frameworks",
					"@loader_path/../Frameworks",
				);
				PRODUCT_BUNDLE_IDENTIFIER = com.viniciusLeal.InAppPurchaseTests;
				PRODUCT_NAME = "$(TARGET_NAME)";
				SUPPORTED_PLATFORMS = "macosx iphonesimulator iphoneos";
				SWIFT_OPTIMIZATION_LEVEL = "-Onone";
				SWIFT_VERSION = 5.0;
			};
			name = Debug;
		};
		D8054F9B25C3600C00476E9A /* Release */ = {
			isa = XCBuildConfiguration;
			buildSettings = {
				ALWAYS_EMBED_SWIFT_STANDARD_LIBRARIES = YES;
				CLANG_ENABLE_MODULES = YES;
				CODE_SIGN_STYLE = Automatic;
				COMBINE_HIDPI_IMAGES = YES;
				DEVELOPMENT_TEAM = 3SNY4A7B39;
				INFOPLIST_FILE = InAppPurchaseTests/Info.plist;
				IPHONEOS_DEPLOYMENT_TARGET = 14.0;
				LD_RUNPATH_SEARCH_PATHS = (
					"$(inherited)",
					"@executable_path/../Frameworks",
					"@loader_path/../Frameworks",
				);
				PRODUCT_BUNDLE_IDENTIFIER = com.viniciusLeal.InAppPurchaseTests;
				PRODUCT_NAME = "$(TARGET_NAME)";
				SUPPORTED_PLATFORMS = "macosx iphonesimulator iphoneos";
				SWIFT_VERSION = 5.0;
			};
			name = Release;
		};
/* End XCBuildConfiguration section */

/* Begin XCConfigurationList section */
		D8054F7C25C3600B00476E9A /* Build configuration list for PBXProject "InAppPurchase" */ = {
			isa = XCConfigurationList;
			buildConfigurations = (
				D8054F9425C3600C00476E9A /* Debug */,
				D8054F9525C3600C00476E9A /* Release */,
			);
			defaultConfigurationIsVisible = 0;
			defaultConfigurationName = Release;
		};
		D8054F9625C3600C00476E9A /* Build configuration list for PBXNativeTarget "InAppPurchase" */ = {
			isa = XCConfigurationList;
			buildConfigurations = (
				D8054F9725C3600C00476E9A /* Debug */,
				D8054F9825C3600C00476E9A /* Release */,
			);
			defaultConfigurationIsVisible = 0;
			defaultConfigurationName = Release;
		};
		D8054F9925C3600C00476E9A /* Build configuration list for PBXNativeTarget "InAppPurchaseTests" */ = {
			isa = XCConfigurationList;
			buildConfigurations = (
				D8054F9A25C3600C00476E9A /* Debug */,
				D8054F9B25C3600C00476E9A /* Release */,
			);
			defaultConfigurationIsVisible = 0;
			defaultConfigurationName = Release;
		};
/* End XCConfigurationList section */
	};
	rootObject = D8054F7925C3600B00476E9A /* Project object */;
}
